
Microsoft Visual Studio Solution File, Format Version 12.00
# Visual Studio Version 17
VisualStudioVersion = 17.10.34928.147
MinimumVisualStudioVersion = 10.0.40219.1
Project("{9A19103F-16F7-4668-BE54-9A1E7A4F7556}") = "APINET8", "APINET8\APINET8.csproj", "{5078BA26-5DFE-43FB-B5A0-9A6F40E8E259}"
EndProject
Project("{9A19103F-16F7-4668-BE54-9A1E7A4F7556}") = "Contracts", "Contracts\Contracts.csproj", "{F5473787-6B49-4239-815A-04330DACC4BC}"
EndProject
Project("{9A19103F-16F7-4668-BE54-9A1E7A4F7556}") = "LoggerService", "LoggerService\LoggerService.csproj", "{D4260226-089B-417C-8AE8-40754EE3972F}"
EndProject
Project("{9A19103F-16F7-4668-BE54-9A1E7A4F7556}") = "Entities", "Entities\Entities.csproj", "{8A52ED37-9D87-4F61-A6B8-0A32DDA711B4}"
EndProject
Project("{9A19103F-16F7-4668-BE54-9A1E7A4F7556}") = "Repository", "Repository\Repository.csproj", "{50024A8E-DB48-4E6C-969A-7991AA1F9143}"
EndProject
Project("{9A19103F-16F7-4668-BE54-9A1E7A4F7556}") = "Service.Contracts", "Service.Contracts\Service.Contracts.csproj", "{ED8CCAE4-9E7C-4CF2-A151-5C785E396771}"
EndProject
Project("{9A19103F-16F7-4668-BE54-9A1E7A4F7556}") = "Service", "Service\Service.csproj", "{92B05FAC-FE32-4C44-97D2-49F52CAB689A}"
EndProject
Project("{9A19103F-16F7-4668-BE54-9A1E7A4F7556}") = "Presentation", "Presentation\Presentation.csproj", "{A7C7424C-8382-4865-85F7-6116AB565B60}"
EndProject
Project("{9A19103F-16F7-4668-BE54-9A1E7A4F7556}") = "Shared", "Shared\Shared.csproj", "{7A3BFC0E-6073-4311-AA41-898063B80358}"
EndProject
Project("{2150E333-8FDC-42A3-9474-1A3956D46DE8}") = "Test", "Test", "{518E2A2C-686E-4314-A806-654E2C39C554}"
EndProject
Project("{FAE04EC0-301F-11D3-BF4B-00C04F79EFBC}") = "Test.APINET8", "Test.APINET8\Test.APINET8.csproj", "{EAB7924F-21F6-4EC0-BC05-868472ECEC78}"
EndProject
Global
	GlobalSection(SolutionConfigurationPlatforms) = preSolution
		Debug|Any CPU = Debug|Any CPU
		Release|Any CPU = Release|Any CPU
	EndGlobalSection
	GlobalSection(ProjectConfigurationPlatforms) = postSolution
		{5078BA26-5DFE-43FB-B5A0-9A6F40E8E259}.Debug|Any CPU.ActiveCfg = Debug|Any CPU
		{5078BA26-5DFE-43FB-B5A0-9A6F40E8E259}.Debug|Any CPU.Build.0 = Debug|Any CPU
		{5078BA26-5DFE-43FB-B5A0-9A6F40E8E259}.Release|Any CPU.ActiveCfg = Release|Any CPU
		{5078BA26-5DFE-43FB-B5A0-9A6F40E8E259}.Release|Any CPU.Build.0 = Release|Any CPU
		{F5473787-6B49-4239-815A-04330DACC4BC}.Debug|Any CPU.ActiveCfg = Debug|Any CPU
		{F5473787-6B49-4239-815A-04330DACC4BC}.Debug|Any CPU.Build.0 = Debug|Any CPU
		{F5473787-6B49-4239-815A-04330DACC4BC}.Release|Any CPU.ActiveCfg = Release|Any CPU
		{F5473787-6B49-4239-815A-04330DACC4BC}.Release|Any CPU.Build.0 = Release|Any CPU
		{D4260226-089B-417C-8AE8-40754EE3972F}.Debug|Any CPU.ActiveCfg = Debug|Any CPU
		{D4260226-089B-417C-8AE8-40754EE3972F}.Debug|Any CPU.Build.0 = Debug|Any CPU
		{D4260226-089B-417C-8AE8-40754EE3972F}.Release|Any CPU.ActiveCfg = Release|Any CPU
		{D4260226-089B-417C-8AE8-40754EE3972F}.Release|Any CPU.Build.0 = Release|Any CPU
		{8A52ED37-9D87-4F61-A6B8-0A32DDA711B4}.Debug|Any CPU.ActiveCfg = Debug|Any CPU
		{8A52ED37-9D87-4F61-A6B8-0A32DDA711B4}.Debug|Any CPU.Build.0 = Debug|Any CPU
		{8A52ED37-9D87-4F61-A6B8-0A32DDA711B4}.Release|Any CPU.ActiveCfg = Release|Any CPU
		{8A52ED37-9D87-4F61-A6B8-0A32DDA711B4}.Release|Any CPU.Build.0 = Release|Any CPU
		{50024A8E-DB48-4E6C-969A-7991AA1F9143}.Debug|Any CPU.ActiveCfg = Debug|Any CPU
		{50024A8E-DB48-4E6C-969A-7991AA1F9143}.Debug|Any CPU.Build.0 = Debug|Any CPU
		{50024A8E-DB48-4E6C-969A-7991AA1F9143}.Release|Any CPU.ActiveCfg = Release|Any CPU
		{50024A8E-DB48-4E6C-969A-7991AA1F9143}.Release|Any CPU.Build.0 = Release|Any CPU
		{ED8CCAE4-9E7C-4CF2-A151-5C785E396771}.Debug|Any CPU.ActiveCfg = Debug|Any CPU
		{ED8CCAE4-9E7C-4CF2-A151-5C785E396771}.Debug|Any CPU.Build.0 = Debug|Any CPU
		{ED8CCAE4-9E7C-4CF2-A151-5C785E396771}.Release|Any CPU.ActiveCfg = Release|Any CPU
		{ED8CCAE4-9E7C-4CF2-A151-5C785E396771}.Release|Any CPU.Build.0 = Release|Any CPU
		{92B05FAC-FE32-4C44-97D2-49F52CAB689A}.Debug|Any CPU.ActiveCfg = Debug|Any CPU
		{92B05FAC-FE32-4C44-97D2-49F52CAB689A}.Debug|Any CPU.Build.0 = Debug|Any CPU
		{92B05FAC-FE32-4C44-97D2-49F52CAB689A}.Release|Any CPU.ActiveCfg = Release|Any CPU
		{92B05FAC-FE32-4C44-97D2-49F52CAB689A}.Release|Any CPU.Build.0 = Release|Any CPU
		{A7C7424C-8382-4865-85F7-6116AB565B60}.Debug|Any CPU.ActiveCfg = Debug|Any CPU
		{A7C7424C-8382-4865-85F7-6116AB565B60}.Debug|Any CPU.Build.0 = Debug|Any CPU
		{A7C7424C-8382-4865-85F7-6116AB565B60}.Release|Any CPU.ActiveCfg = Release|Any CPU
		{A7C7424C-8382-4865-85F7-6116AB565B60}.Release|Any CPU.Build.0 = Release|Any CPU
		{7A3BFC0E-6073-4311-AA41-898063B80358}.Debug|Any CPU.ActiveCfg = Debug|Any CPU
		{7A3BFC0E-6073-4311-AA41-898063B80358}.Debug|Any CPU.Build.0 = Debug|Any CPU
		{7A3BFC0E-6073-4311-AA41-898063B80358}.Release|Any CPU.ActiveCfg = Release|Any CPU
		{7A3BFC0E-6073-4311-AA41-898063B80358}.Release|Any CPU.Build.0 = Release|Any CPU
		{EAB7924F-21F6-4EC0-BC05-868472ECEC78}.Debug|Any CPU.ActiveCfg = Debug|Any CPU
		{EAB7924F-21F6-4EC0-BC05-868472ECEC78}.Debug|Any CPU.Build.0 = Debug|Any CPU
		{EAB7924F-21F6-4EC0-BC05-868472ECEC78}.Release|Any CPU.ActiveCfg = Release|Any CPU
		{EAB7924F-21F6-4EC0-BC05-868472ECEC78}.Release|Any CPU.Build.0 = Release|Any CPU
	EndGlobalSection
	GlobalSection(SolutionProperties) = preSolution
		HideSolutionNode = FALSE
	EndGlobalSection
	GlobalSection(NestedProjects) = preSolution
		{EAB7924F-21F6-4EC0-BC05-868472ECEC78} = {518E2A2C-686E-4314-A806-654E2C39C554}
	EndGlobalSection
	GlobalSection(ExtensibilityGlobals) = postSolution
		SolutionGuid = {8AE16486-6AA3-46C2-8176-4344C5D63EB2}
	EndGlobalSection
EndGlobal
